
Microsoft Visual Studio Solution File, Format Version 12.00
# Visual Studio Version 16
VisualStudioVersion = 16.0.29911.84
MinimumVisualStudioVersion = 10.0.40219.1
Project("{FAE04EC0-301F-11D3-BF4B-00C04F79EFBC}") = "lab2", "DBlabs\lab2.csproj", "{FDFBAFFA-41BF-410C-BEFF-C46EB0B44ECC}"
EndProject
Project("{FAE04EC0-301F-11D3-BF4B-00C04F79EFBC}") = "lab3", "lab3\lab3.csproj", "{C35F3E70-3BC5-47BF-955E-F4D46D359012}"
EndProject
Project("{FAE04EC0-301F-11D3-BF4B-00C04F79EFBC}") = "lab4", "lab4\lab4.csproj", "{7719957C-B97F-41DF-A154-E5F29CC0F559}"
EndProject
Global
	GlobalSection(SolutionConfigurationPlatforms) = preSolution
		Debug|Any CPU = Debug|Any CPU
		Release|Any CPU = Release|Any CPU
	EndGlobalSection
	GlobalSection(ProjectConfigurationPlatforms) = postSolution
		{FDFBAFFA-41BF-410C-BEFF-C46EB0B44ECC}.Debug|Any CPU.ActiveCfg = Debug|Any CPU
		{FDFBAFFA-41BF-410C-BEFF-C46EB0B44ECC}.Debug|Any CPU.Build.0 = Debug|Any CPU
		{FDFBAFFA-41BF-410C-BEFF-C46EB0B44ECC}.Release|Any CPU.ActiveCfg = Release|Any CPU
		{FDFBAFFA-41BF-410C-BEFF-C46EB0B44ECC}.Release|Any CPU.Build.0 = Release|Any CPU
		{C35F3E70-3BC5-47BF-955E-F4D46D359012}.Debug|Any CPU.ActiveCfg = Debug|Any CPU
		{C35F3E70-3BC5-47BF-955E-F4D46D359012}.Debug|Any CPU.Build.0 = Debug|Any CPU
		{C35F3E70-3BC5-47BF-955E-F4D46D359012}.Release|Any CPU.ActiveCfg = Release|Any CPU
		{C35F3E70-3BC5-47BF-955E-F4D46D359012}.Release|Any CPU.Build.0 = Release|Any CPU
		{7719957C-B97F-41DF-A154-E5F29CC0F559}.Debug|Any CPU.ActiveCfg = Debug|Any CPU
		{7719957C-B97F-41DF-A154-E5F29CC0F559}.Debug|Any CPU.Build.0 = Debug|Any CPU
		{7719957C-B97F-41DF-A154-E5F29CC0F559}.Release|Any CPU.ActiveCfg = Release|Any CPU
		{7719957C-B97F-41DF-A154-E5F29CC0F559}.Release|Any CPU.Build.0 = Release|Any CPU
	EndGlobalSection
	GlobalSection(SolutionProperties) = preSolution
		HideSolutionNode = FALSE
	EndGlobalSection
	GlobalSection(ExtensibilityGlobals) = postSolution
		SolutionGuid = {C19701DE-4B16-4943-A3D6-961B6DD1F6FD}
	EndGlobalSection
EndGlobal
